schema: '2.0'
stages:
  load_data:
    cmd: python src/load_data.py --config=params.yaml
    deps:
    - path: data_given/winequality.csv
      md5: ccc8d3507eb151f53f760d36abdef888
      size: 91998
    - path: src/get_data.py
      md5: a31d34251763cfcdc05a32eea6da68b2
      size: 701
    - path: src/load_data.py
      md5: 7c5eb1cec827825c49edb2b5acadb81b
      size: 661
    outs:
    - path: data/raw/winequality.csv
      md5: dcb9f7736a81b73cf4cf803b5ef3f07e
      size: 102550
  split_data:
    cmd: python src/split_data.py --config=params.yaml
    deps:
    - path: data/raw/winequality.csv
      md5: dcb9f7736a81b73cf4cf803b5ef3f07e
      size: 102550
    - path: src/split_data.py
      md5: bf5f76231a6869574e6f46df6fb97754
      size: 1085
    outs:
    - path: data/processed/test_winequality.csv
      md5: 5787b15b8bb42aa53b817010d433f041
      size: 19422
    - path: data/processed/train_winequality.csv
      md5: e320178d92172ce1a1cbcbe92e6bdfa1
      size: 77345
  train_and_evaluate:
    cmd: python src/train_and_evaluate.py --config=params.yaml
    deps:
    - path: data/processed/test_winequality.csv
      md5: 5787b15b8bb42aa53b817010d433f041
      size: 19422
    - path: data/processed/train_winequality.csv
      md5: e320178d92172ce1a1cbcbe92e6bdfa1
      size: 77345
    - path: src/train_and_evaluate.py
      md5: 7f0be10b4f67d76a7cbca75fc89ca843
      size: 2604
    params:
      params.yaml:
        estimators.ElasticNet.params.alpha: 0.4
        estimators.ElasticNet.params.l1_ratio: 0.9
    outs:
    - path: report/params.json
      md5: 346f23d0564c16934f61ce62473482e3
      size: 44
    - path: report/scores.json
      md5: 48c449571e5d13e70c779d4e293a91ce
      size: 100
    - path: saved_models/model.joblib
      md5: 3c44febc4fae5172f0db39341d0e4888
      size: 818
